// !$*UTF8*$!
{
	archiveVersion = 1;
	classes = {
	};
	objectVersion = 46;
	objects = {

/* Begin PBXBuildFile section */
		523894BA1CF65D50006C6043 /* AppDelegate.swift in Sources */ = {isa = PBXBuildFile; fileRef = 523894B91CF65D50006C6043 /* AppDelegate.swift */; };
		523894BC1CF65D50006C6043 /* ViewController.swift in Sources */ = {isa = PBXBuildFile; fileRef = 523894BB1CF65D50006C6043 /* ViewController.swift */; };
		523894BF1CF65D50006C6043 /* Main.storyboard in Resources */ = {isa = PBXBuildFile; fileRef = 523894BD1CF65D50006C6043 /* Main.storyboard */; };
		523894C11CF65D50006C6043 /* Assets.xcassets in Resources */ = {isa = PBXBuildFile; fileRef = 523894C01CF65D50006C6043 /* Assets.xcassets */; };
		523894C41CF65D50006C6043 /* LaunchScreen.storyboard in Resources */ = {isa = PBXBuildFile; fileRef = 523894C21CF65D50006C6043 /* LaunchScreen.storyboard */; };
		523894CC1CF66030006C6043 /* Info.plist in Resources */ = {isa = PBXBuildFile; fileRef = 523894CB1CF66030006C6043 /* Info.plist */; };
		82CF2BA2A20F156E4B8CF974 /* Pods_MeteorFinder.framework in Frameworks */ = {isa = PBXBuildFile; fileRef = 5074D677F3ABC86CB0075482 /* Pods_MeteorFinder.framework */; };
/* End PBXBuildFile section */

/* Begin PBXFileReference section */
		5074D677F3ABC86CB0075482 /* Pods_MeteorFinder.framework */ = {isa = PBXFileReference; explicitFileType = wrapper.framework; includeInIndex = 0; path = Pods_MeteorFinder.framework; sourceTree = BUILT_PRODUCTS_DIR; };
		523894B61CF65D50006C6043 /* MeteorFinder.app */ = {isa = PBXFileReference; explicitFileType = wrapper.application; includeInIndex = 0; path = MeteorFinder.app; sourceTree = BUILT_PRODUCTS_DIR; };
		523894B91CF65D50006C6043 /* AppDelegate.swift */ = {isa = PBXFileReference; lastKnownFileType = sourcecode.swift; path = AppDelegate.swift; sourceTree = "<group>"; };
		523894BB1CF65D50006C6043 /* ViewController.swift */ = {isa = PBXFileReference; lastKnownFileType = sourcecode.swift; path = ViewController.swift; sourceTree = "<group>"; };
		523894BE1CF65D50006C6043 /* Base */ = {isa = PBXFileReference; lastKnownFileType = file.storyboard; name = Base; path = Base.lproj/Main.storyboard; sourceTree = "<group>"; };
		523894C01CF65D50006C6043 /* Assets.xcassets */ = {isa = PBXFileReference; lastKnownFileType = folder.assetcatalog; path = Assets.xcassets; sourceTree = "<group>"; };
		523894C31CF65D50006C6043 /* Base */ = {isa = PBXFileReference; lastKnownFileType = file.storyboard; name = Base; path = Base.lproj/LaunchScreen.storyboard; sourceTree = "<group>"; };
		523894CB1CF66030006C6043 /* Info.plist */ = {isa = PBXFileReference; fileEncoding = 4; lastKnownFileType = text.plist.xml; path = Info.plist; sourceTree = "<group>"; };
		8AAFB60ADEC737C69C7E4FDA /* Pods-MeteorFinder.debug.xcconfig */ = {isa = PBXFileReference; includeInIndex = 1; lastKnownFileType = text.xcconfig; name = "Pods-MeteorFinder.debug.xcconfig"; path = "Pods/Target Support Files/Pods-MeteorFinder/Pods-MeteorFinder.debug.xcconfig"; sourceTree = "<group>"; };
		B51F5B210BC5380CA067966D /* Pods-MeteorFinder.release.xcconfig */ = {isa = PBXFileReference; includeInIndex = 1; lastKnownFileType = text.xcconfig; name = "Pods-MeteorFinder.release.xcconfig"; path = "Pods/Target Support Files/Pods-MeteorFinder/Pods-MeteorFinder.release.xcconfig"; sourceTree = "<group>"; };
/* End PBXFileReference section */

/* Begin PBXFrameworksBuildPhase section */
		523894B31CF65D50006C6043 /* Frameworks */ = {
			isa = PBXFrameworksBuildPhase;
			buildActionMask = 2147483647;
			files = (
				82CF2BA2A20F156E4B8CF974 /* Pods_MeteorFinder.framework in Frameworks */,
			);
			runOnlyForDeploymentPostprocessing = 0;
		};
/* End PBXFrameworksBuildPhase section */

/* Begin PBXGroup section */
		2E597AC7B9A02D357A0D38E3 /* Pods */ = {
			isa = PBXGroup;
			children = (
				8AAFB60ADEC737C69C7E4FDA /* Pods-MeteorFinder.debug.xcconfig */,
				B51F5B210BC5380CA067966D /* Pods-MeteorFinder.release.xcconfig */,
			);
			name = Pods;
			sourceTree = "<group>";
		};
		523894AD1CF65D50006C6043 = {
			isa = PBXGroup;
			children = (
				523894B81CF65D50006C6043 /* MeteorFinder */,
				523894B71CF65D50006C6043 /* Products */,
				2E597AC7B9A02D357A0D38E3 /* Pods */,
				F086EBE4D041B64254C231F1 /* Frameworks */,
			);
			sourceTree = "<group>";
		};
		523894B71CF65D50006C6043 /* Products */ = {
			isa = PBXGroup;
			children = (
				523894B61CF65D50006C6043 /* MeteorFinder.app */,
			);
			name = Products;
			sourceTree = "<group>";
		};
		523894B81CF65D50006C6043 /* MeteorFinder */ = {
			isa = PBXGroup;
			children = (
				523894B91CF65D50006C6043 /* AppDelegate.swift */,
				523894BB1CF65D50006C6043 /* ViewController.swift */,
				523894BD1CF65D50006C6043 /* Main.storyboard */,
				523894C01CF65D50006C6043 /* Assets.xcassets */,
				523894C21CF65D50006C6043 /* LaunchScreen.storyboard */,
				523894CB1CF66030006C6043 /* Info.plist */,
			);
			path = MeteorFinder;
			sourceTree = "<group>";
		};
		F086EBE4D041B64254C231F1 /* Frameworks */ = {
			isa = PBXGroup;
			children = (
				5074D677F3ABC86CB0075482 /* Pods_MeteorFinder.framework */,
			);
			name = Frameworks;
			sourceTree = "<group>";
		};
/* End PBXGroup section */

/* Begin PBXNativeTarget section */
		523894B51CF65D50006C6043 /* MeteorFinder */ = {
			isa = PBXNativeTarget;
			buildConfigurationList = 523894C81CF65D50006C6043 /* Build configuration list for PBXNativeTarget "MeteorFinder" */;
			buildPhases = (
				D0357C99858D3576A74430BA /* Check Pods Manifest.lock */,
				523894B21CF65D50006C6043 /* Sources */,
				523894B31CF65D50006C6043 /* Frameworks */,
				523894B41CF65D50006C6043 /* Resources */,
				DF4A78F665C5FC6254FE475D /* Embed Pods Frameworks */,
				DB73A02CD43FFA1BDA5299F7 /* Copy Pods Resources */,
			);
			buildRules = (
			);
			dependencies = (
			);
			name = MeteorFinder;
			productName = MeteorFinder;
			productReference = 523894B61CF65D50006C6043 /* MeteorFinder.app */;
			productType = "com.apple.product-type.application";
		};
/* End PBXNativeTarget section */

/* Begin PBXProject section */
		523894AE1CF65D50006C6043 /* Project object */ = {
			isa = PBXProject;
			attributes = {
				LastSwiftUpdateCheck = 0730;
				LastUpgradeCheck = 0730;
				ORGANIZATIONNAME = "John Stuart";
				TargetAttributes = {
					523894B51CF65D50006C6043 = {
						CreatedOnToolsVersion = 7.3;
					};
				};
			};
			buildConfigurationList = 523894B11CF65D50006C6043 /* Build configuration list for PBXProject "MeteorFinder" */;
			compatibilityVersion = "Xcode 3.2";
			developmentRegion = English;
			hasScannedForEncodings = 0;
			knownRegions = (
				en,
				Base,
			);
			mainGroup = 523894AD1CF65D50006C6043;
			productRefGroup = 523894B71CF65D50006C6043 /* Products */;
			projectDirPath = "";
			projectRoot = "";
			targets = (
				523894B51CF65D50006C6043 /* MeteorFinder */,
			);
		};
/* End PBXProject section */

/* Begin PBXResourcesBuildPhase section */
		523894B41CF65D50006C6043 /* Resources */ = {
			isa = PBXResourcesBuildPhase;
			buildActionMask = 2147483647;
			files = (
				523894CC1CF66030006C6043 /* Info.plist in Resources */,
				523894C41CF65D50006C6043 /* LaunchScreen.storyboard in Resources */,
				523894C11CF65D50006C6043 /* Assets.xcassets in Resources */,
				523894BF1CF65D50006C6043 /* Main.storyboard in Resources */,
			);
			runOnlyForDeploymentPostprocessing = 0;
		};
/* End PBXResourcesBuildPhase section */

/* Begin PBXShellScriptBuildPhase section */
		D0357C99858D3576A74430BA /* Check Pods Manifest.lock */ = {
			isa = PBXShellScriptBuildPhase;
			buildActionMask = 2147483647;
			files = (
			);
			inputPaths = (
			);
			name = "Check Pods Manifest.lock";
			outputPaths = (
			);
			runOnlyForDeploymentPostprocessing = 0;
			shellPath = /bin/sh;
			shellScript = "diff \"${PODS_ROOT}/../Podfile.lock\" \"${PODS_ROOT}/Manifest.lock\" > /dev/null\nif [[ $? != 0 ]] ; then\n    cat << EOM\nerror: The sandbox is not in sync with the Podfile.lock. Run 'pod install' or update your CocoaPods installation.\nEOM\n    exit 1\nfi\n";
			showEnvVarsInLog = 0;
		};
		DB73A02CD43FFA1BDA5299F7 /* Copy Pods Resources */ = {
			isa = PBXShellScriptBuildPhase;
			buildActionMask = 2147483647;
			files = (
			);
			inputPaths = (
			);
			name = "Copy Pods Resources";
			outputPaths = (
			);
			runOnlyForDeploymentPostprocessing = 0;
			shellPath = /bin/sh;
			shellScript = "\"${SRCROOT}/Pods/Target Support Files/Pods-MeteorFinder/Pods-MeteorFinder-resources.sh\"\n";
			showEnvVarsInLog = 0;
		};
		DF4A78F665C5FC6254FE475D /* Embed Pods Frameworks */ = {
			isa = PBXShellScriptBuildPhase;
			buildActionMask = 2147483647;
			files = (
			);
			inputPaths = (
			);
			name = "Embed Pods Frameworks";
			outputPaths = (
			);
			runOnlyForDeploymentPostprocessing = 0;
			shellPath = /bin/sh;
			shellScript = "\"${SRCROOT}/Pods/Target Support Files/Pods-MeteorFinder/Pods-MeteorFinder-frameworks.sh\"\n";
			showEnvVarsInLog = 0;
		};
/* End PBXShellScriptBuildPhase section */

/* Begin PBXSourcesBuildPhase section */
		523894B21CF65D50006C6043 /* Sources */ = {
			isa = PBXSourcesBuildPhase;
			buildActionMask = 2147483647;
			files = (
				523894BC1CF65D50006C6043 /* ViewController.swift in Sources */,
				523894BA1CF65D50006C6043 /* AppDelegate.swift in Sources */,
			);
			runOnlyForDeploymentPostprocessing = 0;
		};
/* End PBXSourcesBuildPhase section */

/* Begin PBXVariantGroup section */
		523894BD1CF65D50006C6043 /* Main.storyboard */ = {
			isa = PBXVariantGroup;
			children = (
				523894BE1CF65D50006C6043 /* Base */,
			);
			name = Main.storyboard;
			sourceTree = "<group>";
		};
		523894C21CF65D50006C6043 /* LaunchScreen.storyboard */ = {
			isa = PBXVariantGroup;
			children = (
				523894C31CF65D50006C6043 /* Base */,
			);
			name = LaunchScreen.storyboard;
			sourceTree = "<group>";
		};
/* End PBXVariantGroup section */

/* Begin XCBuildConfiguration section */
		523894C61CF65D50006C6043 /* Debug */ = {
			isa = XCBuildConfiguration;
			buildSettings = {
				ALWAYS_SEARCH_USER_PATHS = NO;
				CLANG_ANALYZER_NONNULL = YES;
				CLANG_CXX_LANGUAGE_STANDARD = "gnu++0x";
				CLANG_CXX_LIBRARY = "libc++";
				CLANG_ENABLE_MODULES = YES;
				CLANG_ENABLE_OBJC_ARC = YES;
				CLANG_WARN_BOOL_CONVERSION = YES;
				CLANG_WARN_CONSTANT_CONVERSION = YES;
				CLANG_WARN_DIRECT_OBJC_ISA_USAGE = YES_ERROR;
				CLANG_WARN_EMPTY_BODY = YES;
				CLANG_WARN_ENUM_CONVERSION = YES;
				CLANG_WARN_INT_CONVERSION = YES;
				CLANG_WARN_OBJC_ROOT_CLASS = YES_ERROR;
				CLANG_WARN_UNREACHABLE_CODE = YES;
				CLANG_WARN__DUPLICATE_METHOD_MATCH = YES;
				"CODE_SIGN_IDENTITY[sdk=iphoneos*]" = "iPhone Developer";
				COPY_PHASE_STRIP = NO;
				DEBUG_INFORMATION_FORMAT = dwarf;
				ENABLE_STRICT_OBJC_MSGSEND = YES;
				ENABLE_TESTABILITY = YES;
				GCC_C_LANGUAGE_STANDARD = gnu99;
				GCC_DYNAMIC_NO_PIC = NO;
				GCC_NO_COMMON_BLOCKS = YES;
				GCC_OPTIMIZATION_LEVEL = 0;
				GCC_PREPROCESSOR_DEFINITIONS = (
					"DEBUG=1",
					"$(inherited)",
				);
				GCC_WARN_64_TO_32_BIT_CONVERSION = YES;
				GCC_WARN_ABOUT_RETURN_TYPE = YES_ERROR;
				GCC_WARN_UNDECLARED_SELECTOR = YES;
				GCC_WARN_UNINITIALIZED_AUTOS = YES_AGGRESSIVE;
				GCC_WARN_UNUSED_FUNCTION = YES;
				GCC_WARN_UNUSED_VARIABLE = YES;
				IPHONEOS_DEPLOYMENT_TARGET = 9.3;
				MTL_ENABLE_DEBUG_INFO = YES;
				ONLY_ACTIVE_ARCH = YES;
				SDKROOT = iphoneos;
				SWIFT_OPTIMIZATION_LEVEL = "-Onone";
				TARGETED_DEVICE_FAMILY = "1,2";
			};
			name = Debug;
		};
		523894C71CF65D50006C6043 /* Release */ = {
			isa = XCBuildConfiguration;
			buildSettings = {
				ALWAYS_SEARCH_USER_PATHS = NO;
				CLANG_ANALYZER_NONNULL = YES;
				CLANG_CXX_LANGUAGE_STANDARD = "gnu++0x";
				CLANG_CXX_LIBRARY = "libc++";
				CLANG_ENABLE_MODULES = YES;
				CLANG_ENABLE_OBJC_ARC = YES;
				CLANG_WARN_BOOL_CONVERSION = YES;
				CLANG_WARN_CONSTANT_CONVERSION = YES;
				CLANG_WARN_DIRECT_OBJC_ISA_USAGE = YES_ERROR;
				CLANG_WARN_EMPTY_BODY = YES;
				CLANG_WARN_ENUM_CONVERSION = YES;
				CLANG_WARN_INT_CONVERSION = YES;
				CLANG_WARN_OBJC_ROOT_CLASS = YES_ERROR;
				CLANG_WARN_UNREACHABLE_CODE = YES;
				CLANG_WARN__DUPLICATE_METHOD_MATCH = YES;
				"CODE_SIGN_IDENTITY[sdk=iphoneos*]" = "iPhone Developer";
				COPY_PHASE_STRIP = NO;
				DEBUG_INFORMATION_FORMAT = "dwarf-with-dsym";
				ENABLE_NS_ASSERTIONS = NO;
				ENABLE_STRICT_OBJC_MSGSEND = YES;
				GCC_C_LANGUAGE_STANDARD = gnu99;
				GCC_NO_COMMON_BLOCKS = YES;
				GCC_WARN_64_TO_32_BIT_CONVERSION = YES;
				GCC_WARN_ABOUT_RETURN_TYPE = YES_ERROR;
				GCC_WARN_UNDECLARED_SELECTOR = YES;
				GCC_WARN_UNINITIALIZED_AUTOS = YES_AGGRESSIVE;
				GCC_WARN_UNUSED_FUNCTION = YES;
				GCC_WARN_UNUSED_VARIABLE = YES;
				IPHONEOS_DEPLOYMENT_TARGET = 9.3;
				MTL_ENABLE_DEBUG_INFO = NO;
				SDKROOT = iphoneos;
				TARGETED_DEVICE_FAMILY = "1,2";
				VALIDATE_PRODUCT = YES;
			};
			name = Release;
		};
		523894C91CF65D50006C6043 /* Debug */ = {
			isa = XCBuildConfiguration;
			baseConfigurationReference = 8AAFB60ADEC737C69C7E4FDA /* Pods-MeteorFinder.debug.xcconfig */;
			buildSettings = {
				ASSETCATALOG_COMPILER_APPICON_NAME = AppIcon;
				INFOPLIST_FILE = MeteorFinder/Info.plist;
				LD_RUNPATH_SEARCH_PATHS = "$(inherited) @executable_path/Frameworks";
				PRODUCT_BUNDLE_IDENTIFIER = com.jaystu.MeteorFinder;
				PRODUCT_NAME = "$(TARGET_NAME)";
			};
			name = Debug;
		};
		523894CA1CF65D50006C6043 /* Release */ = {
			isa = XCBuildConfiguration;
			baseConfigurationReference = B51F5B210BC5380CA067966D /* Pods-MeteorFinder.release.xcconfig */;
			buildSettings = {
				ASSETCATALOG_COMPILER_APPICON_NAME = AppIcon;
				INFOPLIST_FILE = MeteorFinder/Info.plist;
				LD_RUNPATH_SEARCH_PATHS = "$(inherited) @executable_path/Frameworks";
				PRODUCT_BUNDLE_IDENTIFIER = com.jaystu.MeteorFinder;
				PRODUCT_NAME = "$(TARGET_NAME)";
			};
			name = Release;
		};
/* End XCBuildConfiguration section */

/* Begin XCConfigurationList section */
		523894B11CF65D50006C6043 /* Build configuration list for PBXProject "MeteorFinder" */ = {
			isa = XCConfigurationList;
			buildConfigurations = (
				523894C61CF65D50006C6043 /* Debug */,
				523894C71CF65D50006C6043 /* Release */,
			);
			defaultConfigurationIsVisible = 0;
			defaultConfigurationName = Release;
		};
		523894C81CF65D50006C6043 /* Build configuration list for PBXNativeTarget "MeteorFinder" */ = {
			isa = XCConfigurationList;
			buildConfigurations = (
				523894C91CF65D50006C6043 /* Debug */,
				523894CA1CF65D50006C6043 /* Release */,
			);
			defaultConfigurationIsVisible = 0;
			defaultConfigurationName = Release;
		};
/* End XCConfigurationList section */
	};
	rootObject = 523894AE1CF65D50006C6043 /* Project object */;
}
